
Microsoft Visual Studio Solution File, Format Version 12.00
# Visual Studio 14
VisualStudioVersion = 14.0.24720.0
MinimumVisualStudioVersion = 10.0.40219.1
Project("{F184B08F-C81C-45F6-A57F-5ABD9991F28F}") = "Util.Number", "Source\Util.Number.vbproj", "{51887A3D-FEE7-47D3-B821-273F79D33165}"
EndProject
Project("{FAE04EC0-301F-11D3-BF4B-00C04F79EFBC}") = "UnitTestProject1", "UnitTestProject1\UnitTestProject1.csproj", "{A849107D-DF8E-4A73-8094-1FF1540C4640}"
EndProject
Global
	GlobalSection(SolutionConfigurationPlatforms) = preSolution
		Debug|Any CPU = Debug|Any CPU
		Release|Any CPU = Release|Any CPU
	EndGlobalSection
	GlobalSection(ProjectConfigurationPlatforms) = postSolution
		{51887A3D-FEE7-47D3-B821-273F79D33165}.Debug|Any CPU.ActiveCfg = Debug|Any CPU
		{51887A3D-FEE7-47D3-B821-273F79D33165}.Debug|Any CPU.Build.0 = Debug|Any CPU
		{51887A3D-FEE7-47D3-B821-273F79D33165}.Release|Any CPU.ActiveCfg = Release|Any CPU
		{51887A3D-FEE7-47D3-B821-273F79D33165}.Release|Any CPU.Build.0 = Release|Any CPU
		{A849107D-DF8E-4A73-8094-1FF1540C4640}.Debug|Any CPU.ActiveCfg = Debug|Any CPU
		{A849107D-DF8E-4A73-8094-1FF1540C4640}.Debug|Any CPU.Build.0 = Debug|Any CPU
		{A849107D-DF8E-4A73-8094-1FF1540C4640}.Release|Any CPU.ActiveCfg = Release|Any CPU
		{A849107D-DF8E-4A73-8094-1FF1540C4640}.Release|Any CPU.Build.0 = Release|Any CPU
	EndGlobalSection
	GlobalSection(SolutionProperties) = preSolution
		HideSolutionNode = FALSE
	EndGlobalSection
	GlobalSection(TeamFoundationVersionControl) = preSolution
		SccNumberOfProjects = 3
		SccEnterpriseProvider = {4CA58AB2-18FA-4F8D-95D4-32DDF27D184C}
		SccTeamFoundationServer = http://cangrihack-w10:8080/tfs/ada%20framework
		SccLocalPath0 = .
		SccProjectUniqueName1 = Source\\Util.Number.vbproj
		SccProjectName1 = Source
		SccLocalPath1 = Source
		SccProjectUniqueName2 = UnitTestProject1\\UnitTestProject1.csproj
		SccProjectName2 = UnitTestProject1
		SccLocalPath2 = UnitTestProject1
	EndGlobalSection
EndGlobal
